
Microsoft Visual Studio Solution File, Format Version 12.00
# Visual Studio Version 17
VisualStudioVersion = 17.7.34031.279
MinimumVisualStudioVersion = 10.0.40219.1
Project("{FAE04EC0-301F-11D3-BF4B-00C04F79EFBC}") = "WinFormsApp1", "WinFormsApp1.csproj", "{7E18B3A2-A2F5-486D-8B38-32D29B41272E}"
EndProject
Global
	GlobalSection(SolutionConfigurationPlatforms) = preSolution
		Debug|Any CPU = Debug|Any CPU
		Release|Any CPU = Release|Any CPU
	EndGlobalSection
	GlobalSection(ProjectConfigurationPlatforms) = postSolution
		{7E18B3A2-A2F5-486D-8B38-32D29B41272E}.Debug|Any CPU.ActiveCfg = Debug|Any CPU
		{7E18B3A2-A2F5-486D-8B38-32D29B41272E}.Debug|Any CPU.Build.0 = Debug|Any CPU
		{7E18B3A2-A2F5-486D-8B38-32D29B41272E}.Release|Any CPU.ActiveCfg = Release|Any CPU
		{7E18B3A2-A2F5-486D-8B38-32D29B41272E}.Release|Any CPU.Build.0 = Release|Any CPU
	EndGlobalSection
	GlobalSection(SolutionProperties) = preSolution
		HideSolutionNode = FALSE
	EndGlobalSection
	GlobalSection(ExtensibilityGlobals) = postSolution
		SolutionGuid = {92FB50D0-8D45-4444-8DCF-153B26ECDDEF}
	EndGlobalSection
EndGlobal
