
Microsoft Visual Studio Solution File, Format Version 12.00
# Visual Studio Version 17
VisualStudioVersion = 17.7.34031.279
MinimumVisualStudioVersion = 10.0.40219.1
Project("{FAE04EC0-301F-11D3-BF4B-00C04F79EFBC}") = "SP", "SP.csproj", "{1E92BFDB-B34F-44E4-A924-3A6E1D67909A}"
EndProject
Global
	GlobalSection(SolutionConfigurationPlatforms) = preSolution
		Debug|Any CPU = Debug|Any CPU
		Release|Any CPU = Release|Any CPU
	EndGlobalSection
	GlobalSection(ProjectConfigurationPlatforms) = postSolution
		{1E92BFDB-B34F-44E4-A924-3A6E1D67909A}.Debug|Any CPU.ActiveCfg = Debug|Any CPU
		{1E92BFDB-B34F-44E4-A924-3A6E1D67909A}.Debug|Any CPU.Build.0 = Debug|Any CPU
		{1E92BFDB-B34F-44E4-A924-3A6E1D67909A}.Release|Any CPU.ActiveCfg = Release|Any CPU
		{1E92BFDB-B34F-44E4-A924-3A6E1D67909A}.Release|Any CPU.Build.0 = Release|Any CPU
	EndGlobalSection
	GlobalSection(SolutionProperties) = preSolution
		HideSolutionNode = FALSE
	EndGlobalSection
	GlobalSection(ExtensibilityGlobals) = postSolution
		SolutionGuid = {E3697131-ACA1-498E-B301-758FA255B27B}
	EndGlobalSection
EndGlobal
